// !$*UTF8*$!
{
	archiveVersion = 1;
	classes = {
	};
	objectVersion = 55;
	objects = {

/* Begin PBXBuildFile section */
		9F89C0242795ABBB001950DF /* names.json in Resources */ = {isa = PBXBuildFile; fileRef = 9F89C0232795ABBB001950DF /* names.json */; };
		9F89C02D2795ACC1001950DF /* Names.swift in Sources */ = {isa = PBXBuildFile; fileRef = 9F89C02C2795ACC1001950DF /* Names.swift */; };
		9F89C02F2795AD59001950DF /* ParseJson.swift in Sources */ = {isa = PBXBuildFile; fileRef = 9F89C02E2795AD59001950DF /* ParseJson.swift */; };
		9F89C0312795AE92001950DF /* ShowData.swift in Sources */ = {isa = PBXBuildFile; fileRef = 9F89C0302795AE92001950DF /* ShowData.swift */; };
		9F89C0362795C3D2001950DF /* ApiService.swift in Sources */ = {isa = PBXBuildFile; fileRef = 9F89C0352795C3D2001950DF /* ApiService.swift */; };
		9F89C0382795C3E0001950DF /* Post.swift in Sources */ = {isa = PBXBuildFile; fileRef = 9F89C0372795C3E0001950DF /* Post.swift */; };
		9F89C03A2795C95B001950DF /* NetworkView.swift in Sources */ = {isa = PBXBuildFile; fileRef = 9F89C0392795C95B001950DF /* NetworkView.swift */; };
		9F89C03C2795D0CF001950DF /* ApiState.swift in Sources */ = {isa = PBXBuildFile; fileRef = 9F89C03B2795D0CF001950DF /* ApiState.swift */; };
		9F89C18627909181003BFA27 /* Pager.swift in Sources */ = {isa = PBXBuildFile; fileRef = 9F89C18527909181003BFA27 /* Pager.swift */; };
		9F89C189279095A8003BFA27 /* SideBarView.swift in Sources */ = {isa = PBXBuildFile; fileRef = 9F89C188279095A8003BFA27 /* SideBarView.swift */; };
		9F89C18B27909796003BFA27 /* LoadImageView.swift in Sources */ = {isa = PBXBuildFile; fileRef = 9F89C18A27909796003BFA27 /* LoadImageView.swift */; };
		9F8B60EA279C266E007847BA /* DemoView.swift in Sources */ = {isa = PBXBuildFile; fileRef = 9F8B60E9279C266E007847BA /* DemoView.swift */; };
		9F8B60EC279C49F5007847BA /* ListTestView.swift in Sources */ = {isa = PBXBuildFile; fileRef = 9F8B60EB279C49F5007847BA /* ListTestView.swift */; };
		9F942AB2278DBF39003E17A0 /* demoprojectApp.swift in Sources */ = {isa = PBXBuildFile; fileRef = 9F942AB1278DBF39003E17A0 /* demoprojectApp.swift */; };
		9F942AB4278DBF39003E17A0 /* ContentView.swift in Sources */ = {isa = PBXBuildFile; fileRef = 9F942AB3278DBF39003E17A0 /* ContentView.swift */; };
		9F942AB6278DBF3B003E17A0 /* Assets.xcassets in Resources */ = {isa = PBXBuildFile; fileRef = 9F942AB5278DBF3B003E17A0 /* Assets.xcassets */; };
		9F942AB9278DBF3B003E17A0 /* Preview Assets.xcassets in Resources */ = {isa = PBXBuildFile; fileRef = 9F942AB8278DBF3B003E17A0 /* Preview Assets.xcassets */; };
		9F942AC3278DBF3C003E17A0 /* demoprojectTests.swift in Sources */ = {isa = PBXBuildFile; fileRef = 9F942AC2278DBF3C003E17A0 /* demoprojectTests.swift */; };
		9F942ACD278DBF3C003E17A0 /* demoprojectUITests.swift in Sources */ = {isa = PBXBuildFile; fileRef = 9F942ACC278DBF3C003E17A0 /* demoprojectUITests.swift */; };
		9F942ACF278DBF3C003E17A0 /* demoprojectUITestsLaunchTests.swift in Sources */ = {isa = PBXBuildFile; fileRef = 9F942ACE278DBF3C003E17A0 /* demoprojectUITestsLaunchTests.swift */; };
/* End PBXBuildFile section */

/* Begin PBXContainerItemProxy section */
		9F942ABF278DBF3C003E17A0 /* PBXContainerItemProxy */ = {
			isa = PBXContainerItemProxy;
			containerPortal = 9F942AA6278DBF39003E17A0 /* Project object */;
			proxyType = 1;
			remoteGlobalIDString = 9F942AAD278DBF39003E17A0;
			remoteInfo = demoproject;
		};
		9F942AC9278DBF3C003E17A0 /* PBXContainerItemProxy */ = {
			isa = PBXContainerItemProxy;
			containerPortal = 9F942AA6278DBF39003E17A0 /* Project object */;
			proxyType = 1;
			remoteGlobalIDString = 9F942AAD278DBF39003E17A0;
			remoteInfo = demoproject;
		};
/* End PBXContainerItemProxy section */

/* Begin PBXFileReference section */
		9F89C0232795ABBB001950DF /* names.json */ = {isa = PBXFileReference; lastKnownFileType = text.json; path = names.json; sourceTree = "<group>"; };
		9F89C02C2795ACC1001950DF /* Names.swift */ = {isa = PBXFileReference; lastKnownFileType = sourcecode.swift; path = Names.swift; sourceTree = "<group>"; };
		9F89C02E2795AD59001950DF /* ParseJson.swift */ = {isa = PBXFileReference; lastKnownFileType = sourcecode.swift; path = ParseJson.swift; sourceTree = "<group>"; };
		9F89C0302795AE92001950DF /* ShowData.swift */ = {isa = PBXFileReference; lastKnownFileType = sourcecode.swift; path = ShowData.swift; sourceTree = "<group>"; };
		9F89C0352795C3D2001950DF /* ApiService.swift */ = {isa = PBXFileReference; lastKnownFileType = sourcecode.swift; path = ApiService.swift; sourceTree = "<group>"; };
		9F89C0372795C3E0001950DF /* Post.swift */ = {isa = PBXFileReference; lastKnownFileType = sourcecode.swift; path = Post.swift; sourceTree = "<group>"; };
		9F89C0392795C95B001950DF /* NetworkView.swift */ = {isa = PBXFileReference; lastKnownFileType = sourcecode.swift; path = NetworkView.swift; sourceTree = "<group>"; };
		9F89C03B2795D0CF001950DF /* ApiState.swift */ = {isa = PBXFileReference; lastKnownFileType = sourcecode.swift; path = ApiState.swift; sourceTree = "<group>"; };
		9F89C18527909181003BFA27 /* Pager.swift */ = {isa = PBXFileReference; lastKnownFileType = sourcecode.swift; path = Pager.swift; sourceTree = "<group>"; };
		9F89C188279095A8003BFA27 /* SideBarView.swift */ = {isa = PBXFileReference; lastKnownFileType = sourcecode.swift; path = SideBarView.swift; sourceTree = "<group>"; };
		9F89C18A27909796003BFA27 /* LoadImageView.swift */ = {isa = PBXFileReference; lastKnownFileType = sourcecode.swift; path = LoadImageView.swift; sourceTree = "<group>"; };
		9F8B60E9279C266E007847BA /* DemoView.swift */ = {isa = PBXFileReference; lastKnownFileType = sourcecode.swift; path = DemoView.swift; sourceTree = "<group>"; };
		9F8B60EB279C49F5007847BA /* ListTestView.swift */ = {isa = PBXFileReference; lastKnownFileType = sourcecode.swift; path = ListTestView.swift; sourceTree = "<group>"; };
		9F942AAE278DBF39003E17A0 /* demoproject.app */ = {isa = PBXFileReference; explicitFileType = wrapper.application; includeInIndex = 0; path = demoproject.app; sourceTree = BUILT_PRODUCTS_DIR; };
		9F942AB1278DBF39003E17A0 /* demoprojectApp.swift */ = {isa = PBXFileReference; lastKnownFileType = sourcecode.swift; path = demoprojectApp.swift; sourceTree = "<group>"; };
		9F942AB3278DBF39003E17A0 /* ContentView.swift */ = {isa = PBXFileReference; lastKnownFileType = sourcecode.swift; path = ContentView.swift; sourceTree = "<group>"; };
		9F942AB5278DBF3B003E17A0 /* Assets.xcassets */ = {isa = PBXFileReference; lastKnownFileType = folder.assetcatalog; path = Assets.xcassets; sourceTree = "<group>"; };
		9F942AB8278DBF3B003E17A0 /* Preview Assets.xcassets */ = {isa = PBXFileReference; lastKnownFileType = folder.assetcatalog; path = "Preview Assets.xcassets"; sourceTree = "<group>"; };
		9F942ABE278DBF3C003E17A0 /* demoprojectTests.xctest */ = {isa = PBXFileReference; explicitFileType = wrapper.cfbundle; includeInIndex = 0; path = demoprojectTests.xctest; sourceTree = BUILT_PRODUCTS_DIR; };
		9F942AC2278DBF3C003E17A0 /* demoprojectTests.swift */ = {isa = PBXFileReference; lastKnownFileType = sourcecode.swift; path = demoprojectTests.swift; sourceTree = "<group>"; };
		9F942AC8278DBF3C003E17A0 /* demoprojectUITests.xctest */ = {isa = PBXFileReference; explicitFileType = wrapper.cfbundle; includeInIndex = 0; path = demoprojectUITests.xctest; sourceTree = BUILT_PRODUCTS_DIR; };
		9F942ACC278DBF3C003E17A0 /* demoprojectUITests.swift */ = {isa = PBXFileReference; lastKnownFileType = sourcecode.swift; path = demoprojectUITests.swift; sourceTree = "<group>"; };
		9F942ACE278DBF3C003E17A0 /* demoprojectUITestsLaunchTests.swift */ = {isa = PBXFileReference; lastKnownFileType = sourcecode.swift; path = demoprojectUITestsLaunchTests.swift; sourceTree = "<group>"; };
/* End PBXFileReference section */

/* Begin PBXFrameworksBuildPhase section */
		9F942AAB278DBF39003E17A0 /* Frameworks */ = {
			isa = PBXFrameworksBuildPhase;
			buildActionMask = 2147483647;
			files = (
			);
			runOnlyForDeploymentPostprocessing = 0;
		};
		9F942ABB278DBF3C003E17A0 /* Frameworks */ = {
			isa = PBXFrameworksBuildPhase;
			buildActionMask = 2147483647;
			files = (
			);
			runOnlyForDeploymentPostprocessing = 0;
		};
		9F942AC5278DBF3C003E17A0 /* Frameworks */ = {
			isa = PBXFrameworksBuildPhase;
			buildActionMask = 2147483647;
			files = (
			);
			runOnlyForDeploymentPostprocessing = 0;
		};
/* End PBXFrameworksBuildPhase section */

/* Begin PBXGroup section */
		9F89C0222795AB8E001950DF /* json */ = {
			isa = PBXGroup;
			children = (
				9F89C0262795AC76001950DF /* model */,
				9F89C0232795ABBB001950DF /* names.json */,
				9F89C0302795AE92001950DF /* ShowData.swift */,
			);
			path = json;
			sourceTree = "<group>";
		};
		9F89C0262795AC76001950DF /* model */ = {
			isa = PBXGroup;
			children = (
				9F89C02C2795ACC1001950DF /* Names.swift */,
				9F89C02E2795AD59001950DF /* ParseJson.swift */,
			);
			path = model;
			sourceTree = "<group>";
		};
		9F89C0322795C399001950DF /* api */ = {
			isa = PBXGroup;
			children = (
				9F89C0332795C3B8001950DF /* data */,
				9F89C0392795C95B001950DF /* NetworkView.swift */,
			);
			path = api;
			sourceTree = "<group>";
		};
		9F89C0332795C3B8001950DF /* data */ = {
			isa = PBXGroup;
			children = (
				9F89C0342795C3BE001950DF /* network */,
				9F89C0372795C3E0001950DF /* Post.swift */,
			);
			path = data;
			sourceTree = "<group>";
		};
		9F89C0342795C3BE001950DF /* network */ = {
			isa = PBXGroup;
			children = (
				9F89C0352795C3D2001950DF /* ApiService.swift */,
				9F89C03B2795D0CF001950DF /* ApiState.swift */,
			);
			path = network;
			sourceTree = "<group>";
		};
		9F89C1842790916F003BFA27 /* pager */ = {
			isa = PBXGroup;
			children = (
				9F89C18527909181003BFA27 /* Pager.swift */,
			);
			path = pager;
			sourceTree = "<group>";
		};
		9F89C18727909593003BFA27 /* navigation */ = {
			isa = PBXGroup;
			children = (
				9F89C188279095A8003BFA27 /* SideBarView.swift */,
				9F89C18A27909796003BFA27 /* LoadImageView.swift */,
			);
			path = navigation;
			sourceTree = "<group>";
		};
		9F8B60E8279C265E007847BA /* demo */ = {
			isa = PBXGroup;
			children = (
				9F8B60E9279C266E007847BA /* DemoView.swift */,
				9F8B60EB279C49F5007847BA /* ListTestView.swift */,
			);
			path = demo;
			sourceTree = "<group>";
		};
		9F942AA5278DBF39003E17A0 = {
			isa = PBXGroup;
			children = (
				9F942AB0278DBF39003E17A0 /* demoproject */,
				9F942AC1278DBF3C003E17A0 /* demoprojectTests */,
				9F942ACB278DBF3C003E17A0 /* demoprojectUITests */,
				9F942AAF278DBF39003E17A0 /* Products */,
			);
			sourceTree = "<group>";
		};
		9F942AAF278DBF39003E17A0 /* Products */ = {
			isa = PBXGroup;
			children = (
				9F942AAE278DBF39003E17A0 /* demoproject.app */,
				9F942ABE278DBF3C003E17A0 /* demoprojectTests.xctest */,
				9F942AC8278DBF3C003E17A0 /* demoprojectUITests.xctest */,
			);
			name = Products;
			sourceTree = "<group>";
		};
		9F942AB0278DBF39003E17A0 /* demoproject */ = {
			isa = PBXGroup;
			children = (
				9F8B60E8279C265E007847BA /* demo */,
				9F89C0322795C399001950DF /* api */,
				9F89C0222795AB8E001950DF /* json */,
				9F89C18727909593003BFA27 /* navigation */,
				9F89C1842790916F003BFA27 /* pager */,
				9F942AB1278DBF39003E17A0 /* demoprojectApp.swift */,
				9F942AB3278DBF39003E17A0 /* ContentView.swift */,
				9F942AB5278DBF3B003E17A0 /* Assets.xcassets */,
				9F942AB7278DBF3B003E17A0 /* Preview Content */,
			);
			path = demoproject;
			sourceTree = "<group>";
		};
		9F942AB7278DBF3B003E17A0 /* Preview Content */ = {
			isa = PBXGroup;
			children = (
				9F942AB8278DBF3B003E17A0 /* Preview Assets.xcassets */,
			);
			path = "Preview Content";
			sourceTree = "<group>";
		};
		9F942AC1278DBF3C003E17A0 /* demoprojectTests */ = {
			isa = PBXGroup;
			children = (
				9F942AC2278DBF3C003E17A0 /* demoprojectTests.swift */,
			);
			path = demoprojectTests;
			sourceTree = "<group>";
		};
		9F942ACB278DBF3C003E17A0 /* demoprojectUITests */ = {
			isa = PBXGroup;
			children = (
				9F942ACC278DBF3C003E17A0 /* demoprojectUITests.swift */,
				9F942ACE278DBF3C003E17A0 /* demoprojectUITestsLaunchTests.swift */,
			);
			path = demoprojectUITests;
			sourceTree = "<group>";
		};
/* End PBXGroup section */

/* Begin PBXNativeTarget section */
		9F942AAD278DBF39003E17A0 /* demoproject */ = {
			isa = PBXNativeTarget;
			buildConfigurationList = 9F942AD2278DBF3C003E17A0 /* Build configuration list for PBXNativeTarget "demoproject" */;
			buildPhases = (
				9F942AAA278DBF39003E17A0 /* Sources */,
				9F942AAB278DBF39003E17A0 /* Frameworks */,
				9F942AAC278DBF39003E17A0 /* Resources */,
			);
			buildRules = (
			);
			dependencies = (
			);
			name = demoproject;
			productName = demoproject;
			productReference = 9F942AAE278DBF39003E17A0 /* demoproject.app */;
			productType = "com.apple.product-type.application";
		};
		9F942ABD278DBF3C003E17A0 /* demoprojectTests */ = {
			isa = PBXNativeTarget;
			buildConfigurationList = 9F942AD5278DBF3C003E17A0 /* Build configuration list for PBXNativeTarget "demoprojectTests" */;
			buildPhases = (
				9F942ABA278DBF3C003E17A0 /* Sources */,
				9F942ABB278DBF3C003E17A0 /* Frameworks */,
				9F942ABC278DBF3C003E17A0 /* Resources */,
			);
			buildRules = (
			);
			dependencies = (
				9F942AC0278DBF3C003E17A0 /* PBXTargetDependency */,
			);
			name = demoprojectTests;
			productName = demoprojectTests;
			productReference = 9F942ABE278DBF3C003E17A0 /* demoprojectTests.xctest */;
			productType = "com.apple.product-type.bundle.unit-test";
		};
		9F942AC7278DBF3C003E17A0 /* demoprojectUITests */ = {
			isa = PBXNativeTarget;
			buildConfigurationList = 9F942AD8278DBF3C003E17A0 /* Build configuration list for PBXNativeTarget "demoprojectUITests" */;
			buildPhases = (
				9F942AC4278DBF3C003E17A0 /* Sources */,
				9F942AC5278DBF3C003E17A0 /* Frameworks */,
				9F942AC6278DBF3C003E17A0 /* Resources */,
			);
			buildRules = (
			);
			dependencies = (
				9F942ACA278DBF3C003E17A0 /* PBXTargetDependency */,
			);
			name = demoprojectUITests;
			productName = demoprojectUITests;
			productReference = 9F942AC8278DBF3C003E17A0 /* demoprojectUITests.xctest */;
			productType = "com.apple.product-type.bundle.ui-testing";
		};
/* End PBXNativeTarget section */

/* Begin PBXProject section */
		9F942AA6278DBF39003E17A0 /* Project object */ = {
			isa = PBXProject;
			attributes = {
				BuildIndependentTargetsInParallel = 1;
				LastSwiftUpdateCheck = 1320;
				LastUpgradeCheck = 1320;
				TargetAttributes = {
					9F942AAD278DBF39003E17A0 = {
						CreatedOnToolsVersion = 13.2.1;
					};
					9F942ABD278DBF3C003E17A0 = {
						CreatedOnToolsVersion = 13.2.1;
						TestTargetID = 9F942AAD278DBF39003E17A0;
					};
					9F942AC7278DBF3C003E17A0 = {
						CreatedOnToolsVersion = 13.2.1;
						TestTargetID = 9F942AAD278DBF39003E17A0;
					};
				};
			};
			buildConfigurationList = 9F942AA9278DBF39003E17A0 /* Build configuration list for PBXProject "demoproject" */;
			compatibilityVersion = "Xcode 13.0";
			developmentRegion = en;
			hasScannedForEncodings = 0;
			knownRegions = (
				en,
				Base,
			);
			mainGroup = 9F942AA5278DBF39003E17A0;
			productRefGroup = 9F942AAF278DBF39003E17A0 /* Products */;
			projectDirPath = "";
			projectRoot = "";
			targets = (
				9F942AAD278DBF39003E17A0 /* demoproject */,
				9F942ABD278DBF3C003E17A0 /* demoprojectTests */,
				9F942AC7278DBF3C003E17A0 /* demoprojectUITests */,
			);
		};
/* End PBXProject section */

/* Begin PBXResourcesBuildPhase section */
		9F942AAC278DBF39003E17A0 /* Resources */ = {
			isa = PBXResourcesBuildPhase;
			buildActionMask = 2147483647;
			files = (
				9F942AB9278DBF3B003E17A0 /* Preview Assets.xcassets in Resources */,
				9F89C0242795ABBB001950DF /* names.json in Resources */,
				9F942AB6278DBF3B003E17A0 /* Assets.xcassets in Resources */,
			);
			runOnlyForDeploymentPostprocessing = 0;
		};
		9F942ABC278DBF3C003E17A0 /* Resources */ = {
			isa = PBXResourcesBuildPhase;
			buildActionMask = 2147483647;
			files = (
			);
			runOnlyForDeploymentPostprocessing = 0;
		};
		9F942AC6278DBF3C003E17A0 /* Resources */ = {
			isa = PBXResourcesBuildPhase;
			buildActionMask = 2147483647;
			files = (
			);
			runOnlyForDeploymentPostprocessing = 0;
		};
/* End PBXResourcesBuildPhase section */

/* Begin PBXSourcesBuildPhase section */
		9F942AAA278DBF39003E17A0 /* Sources */ = {
			isa = PBXSourcesBuildPhase;
			buildActionMask = 2147483647;
			files = (
				9F89C02D2795ACC1001950DF /* Names.swift in Sources */,
				9F89C18627909181003BFA27 /* Pager.swift in Sources */,
				9F8B60EC279C49F5007847BA /* ListTestView.swift in Sources */,
				9F89C189279095A8003BFA27 /* SideBarView.swift in Sources */,
				9F89C02F2795AD59001950DF /* ParseJson.swift in Sources */,
				9F89C0312795AE92001950DF /* ShowData.swift in Sources */,
				9F89C03A2795C95B001950DF /* NetworkView.swift in Sources */,
				9F89C0362795C3D2001950DF /* ApiService.swift in Sources */,
				9F942AB4278DBF39003E17A0 /* ContentView.swift in Sources */,
				9F89C03C2795D0CF001950DF /* ApiState.swift in Sources */,
				9F89C18B27909796003BFA27 /* LoadImageView.swift in Sources */,
				9F942AB2278DBF39003E17A0 /* demoprojectApp.swift in Sources */,
				9F89C0382795C3E0001950DF /* Post.swift in Sources */,
				9F8B60EA279C266E007847BA /* DemoView.swift in Sources */,
			);
			runOnlyForDeploymentPostprocessing = 0;
		};
		9F942ABA278DBF3C003E17A0 /* Sources */ = {
			isa = PBXSourcesBuildPhase;
			buildActionMask = 2147483647;
			files = (
				9F942AC3278DBF3C003E17A0 /* demoprojectTests.swift in Sources */,
			);
			runOnlyForDeploymentPostprocessing = 0;
		};
		9F942AC4278DBF3C003E17A0 /* Sources */ = {
			isa = PBXSourcesBuildPhase;
			buildActionMask = 2147483647;
			files = (
				9F942ACD278DBF3C003E17A0 /* demoprojectUITests.swift in Sources */,
				9F942ACF278DBF3C003E17A0 /* demoprojectUITestsLaunchTests.swift in Sources */,
			);
			runOnlyForDeploymentPostprocessing = 0;
		};
/* End PBXSourcesBuildPhase section */

/* Begin PBXTargetDependency section */
		9F942AC0278DBF3C003E17A0 /* PBXTargetDependency */ = {
			isa = PBXTargetDependency;
			target = 9F942AAD278DBF39003E17A0 /* demoproject */;
			targetProxy = 9F942ABF278DBF3C003E17A0 /* PBXContainerItemProxy */;
		};
		9F942ACA278DBF3C003E17A0 /* PBXTargetDependency */ = {
			isa = PBXTargetDependency;
			target = 9F942AAD278DBF39003E17A0 /* demoproject */;
			targetProxy = 9F942AC9278DBF3C003E17A0 /* PBXContainerItemProxy */;
		};
/* End PBXTargetDependency section */

/* Begin XCBuildConfiguration section */
		9F942AD0278DBF3C003E17A0 /* Debug */ = {
			isa = XCBuildConfiguration;
			buildSettings = {
				ALWAYS_SEARCH_USER_PATHS = NO;
				CLANG_ANALYZER_NONNULL = YES;
				CLANG_ANALYZER_NUMBER_OBJECT_CONVERSION = YES_AGGRESSIVE;
				CLANG_CXX_LANGUAGE_STANDARD = "gnu++17";
				CLANG_CXX_LIBRARY = "libc++";
				CLANG_ENABLE_MODULES = YES;
				CLANG_ENABLE_OBJC_ARC = YES;
				CLANG_ENABLE_OBJC_WEAK = YES;
				CLANG_WARN_BLOCK_CAPTURE_AUTORELEASING = YES;
				CLANG_WARN_BOOL_CONVERSION = YES;
				CLANG_WARN_COMMA = YES;
				CLANG_WARN_CONSTANT_CONVERSION = YES;
				CLANG_WARN_DEPRECATED_OBJC_IMPLEMENTATIONS = YES;
				CLANG_WARN_DIRECT_OBJC_ISA_USAGE = YES_ERROR;
				CLANG_WARN_DOCUMENTATION_COMMENTS = YES;
				CLANG_WARN_EMPTY_BODY = YES;
				CLANG_WARN_ENUM_CONVERSION = YES;
				CLANG_WARN_INFINITE_RECURSION = YES;
				CLANG_WARN_INT_CONVERSION = YES;
				CLANG_WARN_NON_LITERAL_NULL_CONVERSION = YES;
				CLANG_WARN_OBJC_IMPLICIT_RETAIN_SELF = YES;
				CLANG_WARN_OBJC_LITERAL_CONVERSION = YES;
				CLANG_WARN_OBJC_ROOT_CLASS = YES_ERROR;
				CLANG_WARN_QUOTED_INCLUDE_IN_FRAMEWORK_HEADER = YES;
				CLANG_WARN_RANGE_LOOP_ANALYSIS = YES;
				CLANG_WARN_STRICT_PROTOTYPES = YES;
				CLANG_WARN_SUSPICIOUS_MOVE = YES;
				CLANG_WARN_UNGUARDED_AVAILABILITY = YES_AGGRESSIVE;
				CLANG_WARN_UNREACHABLE_CODE = YES;
				CLANG_WARN__DUPLICATE_METHOD_MATCH = YES;
				COPY_PHASE_STRIP = NO;
				DEBUG_INFORMATION_FORMAT = dwarf;
				ENABLE_STRICT_OBJC_MSGSEND = YES;
				ENABLE_TESTABILITY = YES;
				GCC_C_LANGUAGE_STANDARD = gnu11;
				GCC_DYNAMIC_NO_PIC = NO;
				GCC_NO_COMMON_BLOCKS = YES;
				GCC_OPTIMIZATION_LEVEL = 0;
				GCC_PREPROCESSOR_DEFINITIONS = (
					"DEBUG=1",
					"$(inherited)",
				);
				GCC_WARN_64_TO_32_BIT_CONVERSION = YES;
				GCC_WARN_ABOUT_RETURN_TYPE = YES_ERROR;
				GCC_WARN_UNDECLARED_SELECTOR = YES;
				GCC_WARN_UNINITIALIZED_AUTOS = YES_AGGRESSIVE;
				GCC_WARN_UNUSED_FUNCTION = YES;
				GCC_WARN_UNUSED_VARIABLE = YES;
				IPHONEOS_DEPLOYMENT_TARGET = 15.2;
				MTL_ENABLE_DEBUG_INFO = INCLUDE_SOURCE;
				MTL_FAST_MATH = YES;
				ONLY_ACTIVE_ARCH = YES;
				SDKROOT = iphoneos;
				SWIFT_ACTIVE_COMPILATION_CONDITIONS = DEBUG;
				SWIFT_OPTIMIZATION_LEVEL = "-Onone";
			};
			name = Debug;
		};
		9F942AD1278DBF3C003E17A0 /* Release */ = {
			isa = XCBuildConfiguration;
			buildSettings = {
				ALWAYS_SEARCH_USER_PATHS = NO;
				CLANG_ANALYZER_NONNULL = YES;
				CLANG_ANALYZER_NUMBER_OBJECT_CONVERSION = YES_AGGRESSIVE;
				CLANG_CXX_LANGUAGE_STANDARD = "gnu++17";
				CLANG_CXX_LIBRARY = "libc++";
				CLANG_ENABLE_MODULES = YES;
				CLANG_ENABLE_OBJC_ARC = YES;
				CLANG_ENABLE_OBJC_WEAK = YES;
				CLANG_WARN_BLOCK_CAPTURE_AUTORELEASING = YES;
				CLANG_WARN_BOOL_CONVERSION = YES;
				CLANG_WARN_COMMA = YES;
				CLANG_WARN_CONSTANT_CONVERSION = YES;
				CLANG_WARN_DEPRECATED_OBJC_IMPLEMENTATIONS = YES;
				CLANG_WARN_DIRECT_OBJC_ISA_USAGE = YES_ERROR;
				CLANG_WARN_DOCUMENTATION_COMMENTS = YES;
				CLANG_WARN_EMPTY_BODY = YES;
				CLANG_WARN_ENUM_CONVERSION = YES;
				CLANG_WARN_INFINITE_RECURSION = YES;
				CLANG_WARN_INT_CONVERSION = YES;
				CLANG_WARN_NON_LITERAL_NULL_CONVERSION = YES;
				CLANG_WARN_OBJC_IMPLICIT_RETAIN_SELF = YES;
				CLANG_WARN_OBJC_LITERAL_CONVERSION = YES;
				CLANG_WARN_OBJC_ROOT_CLASS = YES_ERROR;
				CLANG_WARN_QUOTED_INCLUDE_IN_FRAMEWORK_HEADER = YES;
				CLANG_WARN_RANGE_LOOP_ANALYSIS = YES;
				CLANG_WARN_STRICT_PROTOTYPES = YES;
				CLANG_WARN_SUSPICIOUS_MOVE = YES;
				CLANG_WARN_UNGUARDED_AVAILABILITY = YES_AGGRESSIVE;
				CLANG_WARN_UNREACHABLE_CODE = YES;
				CLANG_WARN__DUPLICATE_METHOD_MATCH = YES;
				COPY_PHASE_STRIP = NO;
				DEBUG_INFORMATION_FORMAT = "dwarf-with-dsym";
				ENABLE_NS_ASSERTIONS = NO;
				ENABLE_STRICT_OBJC_MSGSEND = YES;
				GCC_C_LANGUAGE_STANDARD = gnu11;
				GCC_NO_COMMON_BLOCKS = YES;
				GCC_WARN_64_TO_32_BIT_CONVERSION = YES;
				GCC_WARN_ABOUT_RETURN_TYPE = YES_ERROR;
				GCC_WARN_UNDECLARED_SELECTOR = YES;
				GCC_WARN_UNINITIALIZED_AUTOS = YES_AGGRESSIVE;
				GCC_WARN_UNUSED_FUNCTION = YES;
				GCC_WARN_UNUSED_VARIABLE = YES;
				IPHONEOS_DEPLOYMENT_TARGET = 15.2;
				MTL_ENABLE_DEBUG_INFO = NO;
				MTL_FAST_MATH = YES;
				SDKROOT = iphoneos;
				SWIFT_COMPILATION_MODE = wholemodule;
				SWIFT_OPTIMIZATION_LEVEL = "-O";
				VALIDATE_PRODUCT = YES;
			};
			name = Release;
		};
		9F942AD3278DBF3C003E17A0 /* Debug */ = {
			isa = XCBuildConfiguration;
			buildSettings = {
				ASSETCATALOG_COMPILER_APPICON_NAME = AppIcon;
				ASSETCATALOG_COMPILER_GLOBAL_ACCENT_COLOR_NAME = AccentColor;
				CODE_SIGN_STYLE = Automatic;
				CURRENT_PROJECT_VERSION = 1;
				DEVELOPMENT_ASSET_PATHS = "\"demoproject/Preview Content\"";
				ENABLE_PREVIEWS = YES;
				GENERATE_INFOPLIST_FILE = YES;
				INFOPLIST_KEY_UIApplicationSceneManifest_Generation = YES;
				INFOPLIST_KEY_UIApplicationSupportsIndirectInputEvents = YES;
				INFOPLIST_KEY_UILaunchScreen_Generation = YES;
				INFOPLIST_KEY_UISupportedInterfaceOrientations_iPad = "UIInterfaceOrientationPortrait UIInterfaceOrientationPortraitUpsideDown UIInterfaceOrientationLandscapeLeft UIInterfaceOrientationLandscapeRight";
				INFOPLIST_KEY_UISupportedInterfaceOrientations_iPhone = "UIInterfaceOrientationPortrait UIInterfaceOrientationLandscapeLeft UIInterfaceOrientationLandscapeRight";
				LD_RUNPATH_SEARCH_PATHS = (
					"$(inherited)",
					"@executable_path/Frameworks",
				);
				MARKETING_VERSION = 1.0;
				PRODUCT_BUNDLE_IDENTIFIER = com.codingwithjks.demoproject;
				PRODUCT_NAME = "$(TARGET_NAME)";
				SWIFT_EMIT_LOC_STRINGS = YES;
				SWIFT_VERSION = 5.0;
				TARGETED_DEVICE_FAMILY = "1,2";
			};
			name = Debug;
		};
		9F942AD4278DBF3C003E17A0 /* Release */ = {
			isa = XCBuildConfiguration;
			buildSettings = {
				ASSETCATALOG_COMPILER_APPICON_NAME = AppIcon;
				ASSETCATALOG_COMPILER_GLOBAL_ACCENT_COLOR_NAME = AccentColor;
				CODE_SIGN_STYLE = Automatic;
				CURRENT_PROJECT_VERSION = 1;
				DEVELOPMENT_ASSET_PATHS = "\"demoproject/Preview Content\"";
				ENABLE_PREVIEWS = YES;
				GENERATE_INFOPLIST_FILE = YES;
				INFOPLIST_KEY_UIApplicationSceneManifest_Generation = YES;
				INFOPLIST_KEY_UIApplicationSupportsIndirectInputEvents = YES;
				INFOPLIST_KEY_UILaunchScreen_Generation = YES;
				INFOPLIST_KEY_UISupportedInterfaceOrientations_iPad = "UIInterfaceOrientationPortrait UIInterfaceOrientationPortraitUpsideDown UIInterfaceOrientationLandscapeLeft UIInterfaceOrientationLandscapeRight";
				INFOPLIST_KEY_UISupportedInterfaceOrientations_iPhone = "UIInterfaceOrientationPortrait UIInterfaceOrientationLandscapeLeft UIInterfaceOrientationLandscapeRight";
				LD_RUNPATH_SEARCH_PATHS = (
					"$(inherited)",
					"@executable_path/Frameworks",
				);
				MARKETING_VERSION = 1.0;
				PRODUCT_BUNDLE_IDENTIFIER = com.codingwithjks.demoproject;
				PRODUCT_NAME = "$(TARGET_NAME)";
				SWIFT_EMIT_LOC_STRINGS = YES;
				SWIFT_VERSION = 5.0;
				TARGETED_DEVICE_FAMILY = "1,2";
			};
			name = Release;
		};
		9F942AD6278DBF3C003E17A0 /* Debug */ = {
			isa = XCBuildConfiguration;
			buildSettings = {
				ALWAYS_EMBED_SWIFT_STANDARD_LIBRARIES = YES;
				BUNDLE_LOADER = "$(TEST_HOST)";
				CODE_SIGN_STYLE = Automatic;
				CURRENT_PROJECT_VERSION = 1;
				GENERATE_INFOPLIST_FILE = YES;
				IPHONEOS_DEPLOYMENT_TARGET = 15.2;
				MARKETING_VERSION = 1.0;
				PRODUCT_BUNDLE_IDENTIFIER = com.codingwithjks.demoprojectTests;
				PRODUCT_NAME = "$(TARGET_NAME)";
				SWIFT_EMIT_LOC_STRINGS = NO;
				SWIFT_VERSION = 5.0;
				TARGETED_DEVICE_FAMILY = "1,2";
				TEST_HOST = "$(BUILT_PRODUCTS_DIR)/demoproject.app/demoproject";
			};
			name = Debug;
		};
		9F942AD7278DBF3C003E17A0 /* Release */ = {
			isa = XCBuildConfiguration;
			buildSettings = {
				ALWAYS_EMBED_SWIFT_STANDARD_LIBRARIES = YES;
				BUNDLE_LOADER = "$(TEST_HOST)";
				CODE_SIGN_STYLE = Automatic;
				CURRENT_PROJECT_VERSION = 1;
				GENERATE_INFOPLIST_FILE = YES;
				IPHONEOS_DEPLOYMENT_TARGET = 15.2;
				MARKETING_VERSION = 1.0;
				PRODUCT_BUNDLE_IDENTIFIER = com.codingwithjks.demoprojectTests;
				PRODUCT_NAME = "$(TARGET_NAME)";
				SWIFT_EMIT_LOC_STRINGS = NO;
				SWIFT_VERSION = 5.0;
				TARGETED_DEVICE_FAMILY = "1,2";
				TEST_HOST = "$(BUILT_PRODUCTS_DIR)/demoproject.app/demoproject";
			};
			name = Release;
		};
		9F942AD9278DBF3C003E17A0 /* Debug */ = {
			isa = XCBuildConfiguration;
			buildSettings = {
				ALWAYS_EMBED_SWIFT_STANDARD_LIBRARIES = YES;
				CODE_SIGN_STYLE = Automatic;
				CURRENT_PROJECT_VERSION = 1;
				GENERATE_INFOPLIST_FILE = YES;
				MARKETING_VERSION = 1.0;
				PRODUCT_BUNDLE_IDENTIFIER = com.codingwithjks.demoprojectUITests;
				PRODUCT_NAME = "$(TARGET_NAME)";
				SWIFT_EMIT_LOC_STRINGS = NO;
				SWIFT_VERSION = 5.0;
				TARGETED_DEVICE_FAMILY = "1,2";
				TEST_TARGET_NAME = demoproject;
			};
			name = Debug;
		};
		9F942ADA278DBF3C003E17A0 /* Release */ = {
			isa = XCBuildConfiguration;
			buildSettings = {
				ALWAYS_EMBED_SWIFT_STANDARD_LIBRARIES = YES;
				CODE_SIGN_STYLE = Automatic;
				CURRENT_PROJECT_VERSION = 1;
				GENERATE_INFOPLIST_FILE = YES;
				MARKETING_VERSION = 1.0;
				PRODUCT_BUNDLE_IDENTIFIER = com.codingwithjks.demoprojectUITests;
				PRODUCT_NAME = "$(TARGET_NAME)";
				SWIFT_EMIT_LOC_STRINGS = NO;
				SWIFT_VERSION = 5.0;
				TARGETED_DEVICE_FAMILY = "1,2";
				TEST_TARGET_NAME = demoproject;
			};
			name = Release;
		};
/* End XCBuildConfiguration section */

/* Begin XCConfigurationList section */
		9F942AA9278DBF39003E17A0 /* Build configuration list for PBXProject "demoproject" */ = {
			isa = XCConfigurationList;
			buildConfigurations = (
				9F942AD0278DBF3C003E17A0 /* Debug */,
				9F942AD1278DBF3C003E17A0 /* Release */,
			);
			defaultConfigurationIsVisible = 0;
			defaultConfigurationName = Release;
		};
		9F942AD2278DBF3C003E17A0 /* Build configuration list for PBXNativeTarget "demoproject" */ = {
			isa = XCConfigurationList;
			buildConfigurations = (
				9F942AD3278DBF3C003E17A0 /* Debug */,
				9F942AD4278DBF3C003E17A0 /* Release */,
			);
			defaultConfigurationIsVisible = 0;
			defaultConfigurationName = Release;
		};
		9F942AD5278DBF3C003E17A0 /* Build configuration list for PBXNativeTarget "demoprojectTests" */ = {
			isa = XCConfigurationList;
			buildConfigurations = (
				9F942AD6278DBF3C003E17A0 /* Debug */,
				9F942AD7278DBF3C003E17A0 /* Release */,
			);
			defaultConfigurationIsVisible = 0;
			defaultConfigurationName = Release;
		};
		9F942AD8278DBF3C003E17A0 /* Build configuration list for PBXNativeTarget "demoprojectUITests" */ = {
			isa = XCConfigurationList;
			buildConfigurations = (
				9F942AD9278DBF3C003E17A0 /* Debug */,
				9F942ADA278DBF3C003E17A0 /* Release */,
			);
			defaultConfigurationIsVisible = 0;
			defaultConfigurationName = Release;
		};
/* End XCConfigurationList section */
	};
	rootObject = 9F942AA6278DBF39003E17A0 /* Project object */;
}
